generated_on: '2026-09-18'
note: "Pins are the PUBLIC default-branch state (origin/<branch>), never local work. Every pinned path\n  was confirmed to\
  \ be a regular file, not a symbolic link, in that repository."
repos:
  glosa:
    url: https://github.com/morrocwi/glosa
    branch: main
    commit: cf1c96a433dda38878ec8a85ca099657d761ec64
    tag: v0.4.1
    commits_after_tag: 122
    paths:
      .claude-plugin/marketplace.json: ca95810af8e807fa0f09675258a89451be9e3d2d
      AGENTS.md: 34b7bb7915e06b4dfdc6be84e538750ff390a516
      CLAIM_BOUNDARY.md: 2e27b1320c589fc2e5e2542e5d67d9ad97e6cf0c
      cli/README.md: 95a0705172a61bc8ef3730acc5a5fba9037db491
      docs/ECOSYSTEM.md: 2b1a7a592f9264895038448cd04e55102040117e
      llms.txt: b072504d89a7ae6ec336a3bae30d6e0fe0ecd8de
      mcp/README.md: 5136fbe7b51fef3601e0d707c6d34b61eec92fbe
      methodology/P00_lens.md: 6ee7b130768f0090989f6cf4e3833c246247f084
      methodology/P10_publish_gate.md: 7aa97fd4f542cafcbf24e4f607bea2205904200b
      methodology/P19_registration.md: c0b778a266149e4217856400180badae3d61e3a2
      plugins/glosa/PROMPT_PACKET.md: 7b5b26ff6b77688edf02a80957a97538b24d3712
      plugins/glosa/skills/glosa-blackbox-note/SKILL.md: 8e7dd1150956a7e63c7ab4612a487e85a299cc9c
      plugins/glosa/skills/glosa-claim-card/SKILL.md: a0fa89856127e852a9bc2c28ab6990d979385589
      plugins/glosa/skills/glosa-deliver/SKILL.md: 75948b0db6b9c89e746e6dea39c34fbe27537078
      plugins/glosa/skills/glosa-independent-check/SKILL.md: 596e762b1d4b6c9cb9d4d3ff6fdfe1ae030b5144
      plugins/glosa/skills/glosa-literature-review/SKILL.md: 8a6145aa89b43e425e5aa63df0e5aa620327de8b
      plugins/glosa/skills/glosa-obsidian/SKILL.md: 798859c6add97c7e6ef3c4a62f936347f7d72c06
      plugins/glosa/skills/glosa-project-advisor/SKILL.md: 2a60fdde1363c7be9f62c4d6af7e3eea6330e290
      plugins/glosa/skills/glosa-publish-gate/SKILL.md: eb258e7f5c45e4a9eb499fe905b8da534e21d457
      plugins/glosa/skills/glosa-render/SKILL.md: 80cfa8ca47bacbb08af7df268522dff621d629b5
      plugins/glosa/skills/glosa/SKILL.md: c149d05c20ddd1aa2311cb2e3bf97b34911f87e0
  information-discrete-math:
    url: https://github.com/morrocwi/information-discrete-math
    branch: main
    commit: 33c54bb2512cf2c129feef928eb64977bb420b57
    tag: v1.6.0
    commits_after_tag: 121
    paths:
      .claude-plugin/marketplace.json: ec6c3c4dc7d96da25900c66d620fd07aa4addd91
      AGENTS.md: 638b26741d117cf57ae3c1f6aed9181ef15988a5
      AI_START_HERE.md: 78683e7bf4a0311cd6f387fa3aa888db05950585
      API.md: 5ab779c8b2700d18a95f7e02ebe9a74324f58115
      INDEX.md: d66afcf0cb8bd1c792641d20d6b03c170e94e29e
      capabilities.json: df89cd27a9d914d5f2d36cad43908e3a6b970dd0
      docs/TOLEDO_CODES.md: c07c8be7cc43be6ef540b4bd2d0d2db94ae5dd6c
      llms.txt: 6eaeab68a7d4470ec3f2d708a8e77746c22cc8d5
      plugins/information-discrete-math/skills/information-discrete-math/SKILL.md: cd1cdef1a50e99587d40e8cddde99b417ab0fc3c
      pyproject.toml: 9d8b072e8b0a07fa22410ebc732132195a1d3905
      textbook/INFORMATION_DISCRETE_MATHEMATICS.md: bfe7bc64a618c293745ee80125b3049900b1a2bb
  readout_genesis:
    url: https://github.com/morrocwi/readout_genesis
    branch: main
    commit: 864bb85950deec943517b102bd33cf8ff101da15
    tag: null
    commits_after_tag: null
    paths:
      AGENTS.md: e4c49055b27eb4932b6381c04b85ebfbc74c2f5f
      APPLICATIONS.md: 6e936df950f201fb34dd82055d4d7f9ed22a655e
      README.md: 37f96e24f452bcdc68a6ac0b2a3a48c6d0b16c8a
      READOUT_GENESIS_CORE.md: 5cf400056a6d87d495ebb013cc646d7c3e22c7a8
  readout_universe:
    url: https://github.com/morrocwi/readout_universe
    branch: main
    commit: 1a72ccd13c7a07d10fe519037132fcb44e426084
    tag: v1.11.0
    commits_after_tag: 33
    paths:
      .claude-plugin/marketplace.json: a460a12d2b11bce7c922e1a2b52b18c24392dd89
      EQUATION_LIBRARY_ROOT_TO_SM_STREAM_solver_arc_private.md: c89bafa0c859efdd7a1c5a4272a905d9ef549fb8
      README.md: a8db552cd8d213f85cc7a08ca88e4223e359072f
      claims.md: 702bb89bad6f000304141afdd88e8995a9d49a5e
      logic.md: e93fa284beb7cf395321276ceb7b5406866a029d
      philosophy.md: d208103daf47853ad0d716f42b03da896517c995
      plugins/readout-universe/skills/readout-universe/SKILL.md: 29df46be803fce1f743c509c38cec30977a32cf4
      scope_correction.md: ac8603620533682bfeebc88152d78c767785f55c
  toledo:
    url: https://github.com/morrocwi/toledo
    branch: main
    commit: a21d76461a9ca64259e830d5456312e9b1e2e686
    tag: v1.8.0
    commits_after_tag: 150
    paths:
      .mcp.json: 18f9479c26772831fc46d10de2fb00c8ba14088e
      AGENTS.md: fe68906ba8d7df78ddbdc60e31c9d87f02495b35
      EQUATION_SOURCE_POLICY.md: 9d17197ee84d5fb04dd5a959e4c48df6b9f64f56
      README.md: 0ba48c64a90816f15264542918b5d0fb50155ee6
      coq/finite-readout-acceleration/PROVENANCE.json: 1b4f6f39d59b4ba747677d971b5861c3ca3569bb
      coq/information-discrete-math/PROVENANCE.json: 59e78096bf62080ed61c365292c4dc1a2ef8fcbd
      coq/readout_genesis/PROVENANCE.json: 934c5aae9a438d87316a1b41d53cbf8b385bb7de
      coq/readout_universe/PROVENANCE.json: c521b093ad6a1472a3a9a62f53428b0be2b95620
      coq/zero-readout-certifies/PROVENANCE.json: 69ccf0bba4e66ea55a3b9ce753499af6f08072e2
      mcp/README.md: ee321fddbcd43e9ae5ce6c87e8be19ee0fb113cd
      mcp/docs/STATIC_API.md: cc92b845d940f4179f97e16a85354a62b28be898
      registry/CANONICAL.json: b6ce6dc603c07352b1eb81f774d6aa86a7b280eb
      registry/SCHEMA.md: 7c3803c3d42cbe98e31882b1e37fced3e6041e2f
      registry/genesis_root.json: eff83749f4a34dd5c7cc0f52f3d11375153a32b0
      scripts/toledo: 380cbe2eee06acfe23cf8a3498b69e2edf7d7fed
      scripts/toledo_build.py: 3af4db3405b85e8e6009a56868d940a578e680c7
  birca:
    url: https://github.com/morrocwi/birca
    branch: main
    commit: 225c3f57bd9972cab0d01e42f55517352b490a61
    tag: birca-v1.10.6
    commits_after_tag: 9
    paths:
      LEGAL_DISCLAIMER.md: 0c5606c09be6e1aabd6a92f8e057e95cfd529b7f
      README.md: e1c2f1dbe0eef3179e0691ac5bb6782e9c2d08ed
      SKILL.md: 71c4946c0cc10c4d55f2d93d56d4baf6c1b8f86f
      SYSTEM_PROMPT.md: 0ff64d421df42641debe216b7e7b0c9c87231ea9
      compute/README.md: 8c90f9241f01a59713f53789cd97d0cae3199918
      mcp_server/README.md: 2ebafb717c83d84e3259f809fb56be626fc55313
  dual-lane-epistemic-harness:
    url: https://github.com/morrocwi/dual-lane-epistemic-harness
    branch: main
    commit: 579d670f93499c3596f8127a868f40b3350fba9e
    tag: null
    commits_after_tag: null
    paths:
      AGENTS.md: 73ab1c67432c76f8919e92c6d32500eb0a4e0276
      CLAIMS.md: bd99043cd48e2367bb707e127dfae40e0c4b4fc6
      README.md: e9870f7ae868b243d64846aad85a88dd4cf657c8
      REPRODUCE.md: 405391cc41d53bbb4993ae871e15b6e9c9edfa56
      docs/CORRECTIONS.md: 9048297f162488dd69c344d0a80d5f5b7c5c9288
  finite-readout-acceleration:
    url: https://github.com/morrocwi/finite-readout-acceleration
    branch: main
    commit: 22c4089ff5133105601a136016e059f199bf9abe
    tag: v0.1.0
    commits_after_tag: 3
    paths:
      DESIGN_NOTES.md: 29dee69b2dfe9a576eea7ffd0fa9dd205549129b
      README.md: 79fbd037ffa7ef6094fb0ac1ac39b45b2ae3a1e4
      pyproject.toml: d80daae0ffc87bb7dce0ed9d9cb4be9acea2030c
  readout-problem-navier-stokes:
    url: https://github.com/morrocwi/readout-problem-navier-stokes
    branch: main
    commit: 82262e19c85eebaafba3bc8391e8ac953aa2f704
    tag: v0.1.0
    commits_after_tag: 442
    paths:
      AGENTS.md: 6a3ec977995ada4e4b10c91ccd8d0e296ae3614a
      CLAIMS.md: 51e032e6aae30320743e9e0cdbb3467f376a0c7f
      CLAY_MULTI_PROBLEM_FINITE_BRIDGE_PROGRAM.md: 691a5c8efe86ccd63d5667960ab63b6e082cb4d4
      CLAY_READ_FIRST.md: c5ac2e081b320b443ae8022be4502b9dc8e2cceb
      CLAY_RESEARCH_TODO.md: d1298ab3bb3852694fbfc95e529e61ec00fc10db
      README.md: 963f0c2b60e2346fe8ad52b1a5180bdf59be968d
  skillme:
    url: https://github.com/morrocwi/skillme
    branch: main
    commit: 208e76dfae692396fbf54ae64119978020275044
    tag: v0.4.10
    commits_after_tag: 11
    paths:
      .claude-plugin/marketplace.json: bc550c9992b0f834a97c926d2b0990fdd5c311eb
      AI_START_HERE.md: 64c9d7d8280d351d4a704f70a25c48c01efc5d82
      README.md: 156ffce0fb977f109d4101bffaed4e3bfda2a52c
      SKILLME.md: baebf48d292999e86ad2c3ed89768553d863db1c
      llms.txt: 3ae3208cd9c3d501054fc096de9e322dd09336f3
      plugins/skillme/skills/skillme/SKILL.md: 7c709a5a3a9037c846e98ca5693482e7b654b456
      skillme_protocol_kernel.py: a063ae2decec8da782c6a23147b0946810f7cfa7
  task-conditioned-6d-pose-stop:
    url: https://github.com/morrocwi/task-conditioned-6d-pose-stop
    branch: main
    commit: 176881a6476d28da18177c6638c982e50370776a
    tag: v0.7.0
    commits_after_tag: 31
    paths:
      CLAIMS.md: 33455bf95e0cd9de52cc63a1bfc767d64600ee4c
      CONTRIBUTING.md: 8bc157227452e5be619738c7d2641305b81d530c
      README.md: 9cf7e55e082320f7f6b4fa4938b906c0dc7ba99c
      RESEARCH_QUESTION.md: 5a42a25adcd171ef11f2463f6f192bb525c8acc2
  zero-readout-certifies:
    url: https://github.com/morrocwi/zero-readout-certifies
    branch: main
    commit: e9523c9a995fd170fdcf5af5af707eb1a0be7369
    tag: null
    commits_after_tag: null
    paths:
      README.md: 8a8a209497410f04f520bd7e76160899f5c1e987
      REPRODUCE.md: 1fcd7f1e9e9a93084dfadc2f89c56cfecf8020f0
  retained-sturm:
    url: https://github.com/morrocwi/retained-sturm
    branch: main
    commit: 7a0d3d3d65de393ec6b0520075fb03975b02f64e
    tag: null
    commits_after_tag: null
    paths:
      README.md: b298470e74706d7852afdb9af68f3ec963a2fe4f
  seth-skill:
    url: https://github.com/morrocwi/seth-skill
    branch: main
    commit: ab5ccf804a41f48b479ee7d0672d539b0db3ea4c
    tag: v0.2.0
    commits_after_tag: 2
    paths:
      .claude-plugin/marketplace.json: bae52aaff58ecca6c26b3acbef701f844e32c434
      README.md: e430f5075df430ba3cc071217e7d6c749faf1cac
      plugins/seth/skills/seth/SKILL.md: 660d5b6a370bd466fc47815046f840ad03f89b7b
